
Microsoft Visual Studio Solution File, Format Version 12.00
# Visual Studio 2013
VisualStudioVersion = 12.0.30501.0
MinimumVisualStudioVersion = 10.0.40219.1
Project("{FAE04EC0-301F-11D3-BF4B-00C04F79EFBC}") = "GB.Web", "GB.Web\GB.Web.csproj", "{7A479EBC-BA3F-4D58-9DA1-937243B80374}"
EndProject
Project("{FAE04EC0-301F-11D3-BF4B-00C04F79EFBC}") = "GB.Data", "GB.Data\GB.Data.csproj", "{10299095-5344-431B-96A2-9F8ADD69E295}"
EndProject
Global
	GlobalSection(SolutionConfigurationPlatforms) = preSolution
		Debug|Any CPU = Debug|Any CPU
		Release|Any CPU = Release|Any CPU
	EndGlobalSection
	GlobalSection(ProjectConfigurationPlatforms) = postSolution
		{7A479EBC-BA3F-4D58-9DA1-937243B80374}.Debug|Any CPU.ActiveCfg = Debug|Any CPU
		{7A479EBC-BA3F-4D58-9DA1-937243B80374}.Debug|Any CPU.Build.0 = Debug|Any CPU
		{7A479EBC-BA3F-4D58-9DA1-937243B80374}.Release|Any CPU.ActiveCfg = Release|Any CPU
		{7A479EBC-BA3F-4D58-9DA1-937243B80374}.Release|Any CPU.Build.0 = Release|Any CPU
		{10299095-5344-431B-96A2-9F8ADD69E295}.Debug|Any CPU.ActiveCfg = Debug|Any CPU
		{10299095-5344-431B-96A2-9F8ADD69E295}.Debug|Any CPU.Build.0 = Debug|Any CPU
		{10299095-5344-431B-96A2-9F8ADD69E295}.Release|Any CPU.ActiveCfg = Release|Any CPU
		{10299095-5344-431B-96A2-9F8ADD69E295}.Release|Any CPU.Build.0 = Release|Any CPU
	EndGlobalSection
	GlobalSection(SolutionProperties) = preSolution
		HideSolutionNode = FALSE
	EndGlobalSection
EndGlobal
