
Microsoft Visual Studio Solution File, Format Version 12.00
# Visual Studio 2013
VisualStudioVersion = 12.0.30501.0
MinimumVisualStudioVersion = 10.0.40219.1
Project("{FAE04EC0-301F-11D3-BF4B-00C04F79EFBC}") = "GBAdmin.Web", "GBAdmin.Web\GBAdmin.Web.csproj", "{A5859E0E-3C08-4045-B8DC-B3FB13655B00}"
EndProject
Project("{FAE04EC0-301F-11D3-BF4B-00C04F79EFBC}") = "GB.Membership", "GB.Membership\GB.Membership.csproj", "{0EBEE9F9-979F-440F-94B1-5C6A726F6367}"
EndProject
Project("{FAE04EC0-301F-11D3-BF4B-00C04F79EFBC}") = "GB.Data", "GB.Data\GB.Data.csproj", "{10299095-5344-431B-96A2-9F8ADD69E295}"
EndProject
Global
	GlobalSection(SolutionConfigurationPlatforms) = preSolution
		Debug|Any CPU = Debug|Any CPU
		Release|Any CPU = Release|Any CPU
	EndGlobalSection
	GlobalSection(ProjectConfigurationPlatforms) = postSolution
		{A5859E0E-3C08-4045-B8DC-B3FB13655B00}.Debug|Any CPU.ActiveCfg = Debug|Any CPU
		{A5859E0E-3C08-4045-B8DC-B3FB13655B00}.Debug|Any CPU.Build.0 = Debug|Any CPU
		{A5859E0E-3C08-4045-B8DC-B3FB13655B00}.Release|Any CPU.ActiveCfg = Release|Any CPU
		{A5859E0E-3C08-4045-B8DC-B3FB13655B00}.Release|Any CPU.Build.0 = Release|Any CPU
		{0EBEE9F9-979F-440F-94B1-5C6A726F6367}.Debug|Any CPU.ActiveCfg = Debug|Any CPU
		{0EBEE9F9-979F-440F-94B1-5C6A726F6367}.Debug|Any CPU.Build.0 = Debug|Any CPU
		{0EBEE9F9-979F-440F-94B1-5C6A726F6367}.Release|Any CPU.ActiveCfg = Release|Any CPU
		{0EBEE9F9-979F-440F-94B1-5C6A726F6367}.Release|Any CPU.Build.0 = Release|Any CPU
		{10299095-5344-431B-96A2-9F8ADD69E295}.Debug|Any CPU.ActiveCfg = Debug|Any CPU
		{10299095-5344-431B-96A2-9F8ADD69E295}.Debug|Any CPU.Build.0 = Debug|Any CPU
		{10299095-5344-431B-96A2-9F8ADD69E295}.Release|Any CPU.ActiveCfg = Release|Any CPU
		{10299095-5344-431B-96A2-9F8ADD69E295}.Release|Any CPU.Build.0 = Release|Any CPU
	EndGlobalSection
	GlobalSection(SolutionProperties) = preSolution
		HideSolutionNode = FALSE
	EndGlobalSection
EndGlobal
